// !$*UTF8*$!
{
	archiveVersion = 1;
	classes = {
	};
	objectVersion = 42;
	objects = {

/* Begin PBXBuildFile section */
		402F816F0B9A68A9001EF155 /* template.js in Resources */ = {isa = PBXBuildFile; fileRef = 402F81010B9A5E3E001EF155 /* template.js */; };
		4062458F09A325B00040CB9C /* CMController.m in Sources */ = {isa = PBXBuildFile; fileRef = 4062458809A325B00040CB9C /* CMController.m */; };
		4062459009A325B10040CB9C /* CMUserScript.m in Sources */ = {isa = PBXBuildFile; fileRef = 4062458A09A325B00040CB9C /* CMUserScript.m */; };
		4062459209A325B10040CB9C /* WildcardPattern.m in Sources */ = {isa = PBXBuildFile; fileRef = 4062458E09A325B00040CB9C /* WildcardPattern.m */; };
		4062459C09A325F40040CB9C /* WebKit.framework in Frameworks */ = {isa = PBXBuildFile; fileRef = 4062459B09A325F40040CB9C /* WebKit.framework */; };
		406245B509A3262B0040CB9C /* Creammonkey.bundle in CopyFiles */ = {isa = PBXBuildFile; fileRef = 8D5B49B6048680CD000E48DA /* Creammonkey.bundle */; };
		406245B709A326440040CB9C /* Info in Resources */ = {isa = PBXBuildFile; fileRef = 406245B609A326440040CB9C /* Info */; };
		406245D909A327590040CB9C /* Info in CopyFiles */ = {isa = PBXBuildFile; fileRef = 406245B609A326440040CB9C /* Info */; };
		4062461709A3282B0040CB9C /* Menu.nib in Resources */ = {isa = PBXBuildFile; fileRef = 4062461509A3282B0040CB9C /* Menu.nib */; };
		406EA0460B9A3932004C2A39 /* XMLHttpRequest.m in Sources */ = {isa = PBXBuildFile; fileRef = 406EA0440B9A3932004C2A39 /* XMLHttpRequest.m */; };
		40A3E05709A57CEF0091278C /* CMUserScriptTest.m in Sources */ = {isa = PBXBuildFile; fileRef = 40A3E05409A57CEF0091278C /* CMUserScriptTest.m */; };
		40A3E05809A57CEF0091278C /* WildcardPatternTest.m in Sources */ = {isa = PBXBuildFile; fileRef = 40A3E05609A57CEF0091278C /* WildcardPatternTest.m */; };
		40A3E09A09A58AC00091278C /* CMUserScript.m in Sources */ = {isa = PBXBuildFile; fileRef = 4062458A09A325B00040CB9C /* CMUserScript.m */; };
		40A3E09B09A58AC60091278C /* WildcardPattern.m in Sources */ = {isa = PBXBuildFile; fileRef = 4062458E09A325B00040CB9C /* WildcardPattern.m */; };
		40A3E09F09A58ADA0091278C /* Foundation.framework in Frameworks */ = {isa = PBXBuildFile; fileRef = 089C1672FE841209C02AAC07 /* Foundation.framework */; };
		40A3E0A409A58AF40091278C /* SenTestingKit.framework in Frameworks */ = {isa = PBXBuildFile; fileRef = 40A3E0A309A58AF40091278C /* SenTestingKit.framework */; };
		40EB0E0A0C23A3D500FCFBF8 /* JSUtils.h in CopyFiles */ = {isa = PBXBuildFile; fileRef = 40EB0E080C23A3D500FCFBF8 /* JSUtils.h */; };
		40EB0E0B0C23A3D600FCFBF8 /* JSUtils.m in Sources */ = {isa = PBXBuildFile; fileRef = 40EB0E090C23A3D500FCFBF8 /* JSUtils.m */; };
		8D5B49B0048680CD000E48DA /* InfoPlist.strings in Resources */ = {isa = PBXBuildFile; fileRef = 089C167DFE841241C02AAC07 /* InfoPlist.strings */; };
		8D5B49B4048680CD000E48DA /* Cocoa.framework in Frameworks */ = {isa = PBXBuildFile; fileRef = 1058C7ADFEA557BF11CA2CBB /* Cocoa.framework */; };
/* End PBXBuildFile section */

/* Begin PBXCopyFilesBuildPhase section */
		406245A609A3261A0040CB9C /* CopyFiles */ = {
			isa = PBXCopyFilesBuildPhase;
			buildActionMask = 2147483647;
			dstPath = Creammonkey;
			dstSubfolderSpec = 16;
			files = (
				406245D909A327590040CB9C /* Info in CopyFiles */,
				406245B509A3262B0040CB9C /* Creammonkey.bundle in CopyFiles */,
				40EB0E0A0C23A3D500FCFBF8 /* JSUtils.h in CopyFiles */,
			);
			runOnlyForDeploymentPostprocessing = 0;
		};
/* End PBXCopyFilesBuildPhase section */

/* Begin PBXFileReference section */
		089C1672FE841209C02AAC07 /* Foundation.framework */ = {isa = PBXFileReference; lastKnownFileType = wrapper.framework; name = Foundation.framework; path = /System/Library/Frameworks/Foundation.framework; sourceTree = "<absolute>"; };
		089C167EFE841241C02AAC07 /* English */ = {isa = PBXFileReference; fileEncoding = 10; lastKnownFileType = text.plist.strings; name = English; path = English.lproj/InfoPlist.strings; sourceTree = "<group>"; };
		089C167FFE841241C02AAC07 /* AppKit.framework */ = {isa = PBXFileReference; lastKnownFileType = wrapper.framework; name = AppKit.framework; path = /System/Library/Frameworks/AppKit.framework; sourceTree = "<absolute>"; };
		1058C7ADFEA557BF11CA2CBB /* Cocoa.framework */ = {isa = PBXFileReference; lastKnownFileType = wrapper.framework; name = Cocoa.framework; path = /System/Library/Frameworks/Cocoa.framework; sourceTree = "<absolute>"; };
		32DBCF630370AF2F00C91783 /* Creammonkey_Prefix.pch */ = {isa = PBXFileReference; fileEncoding = 4; lastKnownFileType = sourcecode.c.h; path = Creammonkey_Prefix.pch; sourceTree = "<group>"; };
		402F81010B9A5E3E001EF155 /* template.js */ = {isa = PBXFileReference; fileEncoding = 4; lastKnownFileType = sourcecode.javascript; path = template.js; sourceTree = "<group>"; };
		404B82FC09C331FE00CBF32A /* German */ = {isa = PBXFileReference; lastKnownFileType = text.plist.strings; name = German; path = German.lproj/InfoPlist.strings; sourceTree = "<group>"; };
		4062458709A325B00040CB9C /* CMController.h */ = {isa = PBXFileReference; fileEncoding = "-2147483647"; lastKnownFileType = sourcecode.c.h; path = CMController.h; sourceTree = "<group>"; };
		4062458809A325B00040CB9C /* CMController.m */ = {isa = PBXFileReference; fileEncoding = "-2147483647"; lastKnownFileType = sourcecode.c.objc; path = CMController.m; sourceTree = "<group>"; };
		4062458909A325B00040CB9C /* CMUserScript.h */ = {isa = PBXFileReference; fileEncoding = "-2147483647"; lastKnownFileType = sourcecode.c.h; path = CMUserScript.h; sourceTree = "<group>"; };
		4062458A09A325B00040CB9C /* CMUserScript.m */ = {isa = PBXFileReference; fileEncoding = "-2147483647"; lastKnownFileType = sourcecode.c.objc; path = CMUserScript.m; sourceTree = "<group>"; };
		4062458D09A325B00040CB9C /* WildcardPattern.h */ = {isa = PBXFileReference; fileEncoding = "-2147483647"; lastKnownFileType = sourcecode.c.h; path = WildcardPattern.h; sourceTree = "<group>"; };
		4062458E09A325B00040CB9C /* WildcardPattern.m */ = {isa = PBXFileReference; fileEncoding = "-2147483647"; lastKnownFileType = sourcecode.c.objc; path = WildcardPattern.m; sourceTree = "<group>"; };
		4062459B09A325F40040CB9C /* WebKit.framework */ = {isa = PBXFileReference; lastKnownFileType = wrapper.framework; name = WebKit.framework; path = /System/Library/Frameworks/WebKit.framework; sourceTree = "<absolute>"; };
		406245B609A326440040CB9C /* Info */ = {isa = PBXFileReference; fileEncoding = "-2147483647"; lastKnownFileType = text.xml; path = Info; sourceTree = "<group>"; };
		4062461609A3282B0040CB9C /* English */ = {isa = PBXFileReference; lastKnownFileType = wrapper.nib; name = English; path = English.lproj/Menu.nib; sourceTree = "<group>"; };
		406EA0430B9A3932004C2A39 /* XMLHttpRequest.h */ = {isa = PBXFileReference; fileEncoding = 4; lastKnownFileType = sourcecode.c.h; path = XMLHttpRequest.h; sourceTree = "<group>"; };
		406EA0440B9A3932004C2A39 /* XMLHttpRequest.m */ = {isa = PBXFileReference; fileEncoding = 4; lastKnownFileType = sourcecode.c.objc; path = XMLHttpRequest.m; sourceTree = "<group>"; };
		40A3E04D09A57CCA0091278C /* Test.cptest */ = {isa = PBXFileReference; explicitFileType = wrapper.cfbundle; includeInIndex = 0; path = Test.cptest; sourceTree = BUILT_PRODUCTS_DIR; };
		40A3E04E09A57CCA0091278C /* Test-Info.plist */ = {isa = PBXFileReference; lastKnownFileType = text.xml; path = "Test-Info.plist"; sourceTree = "<group>"; };
		40A3E05309A57CEF0091278C /* CMUserScriptTest.h */ = {isa = PBXFileReference; fileEncoding = "-2147483647"; lastKnownFileType = sourcecode.c.h; path = CMUserScriptTest.h; sourceTree = "<group>"; };
		40A3E05409A57CEF0091278C /* CMUserScriptTest.m */ = {isa = PBXFileReference; fileEncoding = "-2147483647"; lastKnownFileType = sourcecode.c.objc; path = CMUserScriptTest.m; sourceTree = "<group>"; };
		40A3E05509A57CEF0091278C /* WildcardPatternTest.h */ = {isa = PBXFileReference; fileEncoding = "-2147483647"; lastKnownFileType = sourcecode.c.h; path = WildcardPatternTest.h; sourceTree = "<group>"; };
		40A3E05609A57CEF0091278C /* WildcardPatternTest.m */ = {isa = PBXFileReference; fileEncoding = "-2147483647"; lastKnownFileType = sourcecode.c.objc; path = WildcardPatternTest.m; sourceTree = "<group>"; };
		40A3E0A309A58AF40091278C /* SenTestingKit.framework */ = {isa = PBXFileReference; lastKnownFileType = wrapper.framework; name = SenTestingKit.framework; path = /System/Library/Frameworks/SenTestingKit.framework; sourceTree = "<absolute>"; };
		40A95AF609BDAF27001C0447 /* German */ = {isa = PBXFileReference; lastKnownFileType = wrapper.nib; name = German; path = German.lproj/Menu.nib; sourceTree = "<group>"; };
		40EB0E080C23A3D500FCFBF8 /* JSUtils.h */ = {isa = PBXFileReference; fileEncoding = 4; lastKnownFileType = sourcecode.c.h; path = JSUtils.h; sourceTree = "<group>"; };
		40EB0E090C23A3D500FCFBF8 /* JSUtils.m */ = {isa = PBXFileReference; fileEncoding = 4; lastKnownFileType = sourcecode.c.objc; path = JSUtils.m; sourceTree = "<group>"; };
		40F6844609CA6CBD004C4C61 /* Spanish */ = {isa = PBXFileReference; lastKnownFileType = wrapper.nib; name = Spanish; path = Spanish.lproj/Menu.nib; sourceTree = "<group>"; };
		40F6844809CA6CD2004C4C61 /* Spanish */ = {isa = PBXFileReference; lastKnownFileType = text.plist.strings; name = Spanish; path = Spanish.lproj/InfoPlist.strings; sourceTree = "<group>"; };
		8D5B49B6048680CD000E48DA /* Creammonkey.bundle */ = {isa = PBXFileReference; explicitFileType = wrapper.cfbundle; includeInIndex = 0; path = Creammonkey.bundle; sourceTree = BUILT_PRODUCTS_DIR; };
		8D5B49B7048680CD000E48DA /* Info.plist */ = {isa = PBXFileReference; fileEncoding = 4; lastKnownFileType = text.xml; path = Info.plist; sourceTree = "<group>"; };
		D2F7E65807B2D6F200F64583 /* CoreData.framework */ = {isa = PBXFileReference; lastKnownFileType = wrapper.framework; name = CoreData.framework; path = /System/Library/Frameworks/CoreData.framework; sourceTree = "<absolute>"; };
/* End PBXFileReference section */

/* Begin PBXFrameworksBuildPhase section */
		40A3E04A09A57CCA0091278C /* Frameworks */ = {
			isa = PBXFrameworksBuildPhase;
			buildActionMask = 2147483647;
			files = (
				40A3E09F09A58ADA0091278C /* Foundation.framework in Frameworks */,
				40A3E0A409A58AF40091278C /* SenTestingKit.framework in Frameworks */,
			);
			runOnlyForDeploymentPostprocessing = 0;
		};
		8D5B49B3048680CD000E48DA /* Frameworks */ = {
			isa = PBXFrameworksBuildPhase;
			buildActionMask = 2147483647;
			files = (
				8D5B49B4048680CD000E48DA /* Cocoa.framework in Frameworks */,
				4062459C09A325F40040CB9C /* WebKit.framework in Frameworks */,
			);
			runOnlyForDeploymentPostprocessing = 0;
		};
/* End PBXFrameworksBuildPhase section */

/* Begin PBXGroup section */
		089C166AFE841209C02AAC07 /* Creammonkey */ = {
			isa = PBXGroup;
			children = (
				40A3E05909A57CF60091278C /* Test */,
				08FB77AFFE84173DC02AAC07 /* Classes */,
				32C88E010371C26100C91783 /* Other Sources */,
				089C167CFE841241C02AAC07 /* Resources */,
				089C1671FE841209C02AAC07 /* Frameworks and Libraries */,
				19C28FB8FE9D52D311CA2CBB /* Products */,
				40A3E04E09A57CCA0091278C /* Test-Info.plist */,
			);
			name = Creammonkey;
			sourceTree = "<group>";
		};
		089C1671FE841209C02AAC07 /* Frameworks and Libraries */ = {
			isa = PBXGroup;
			children = (
				1058C7ACFEA557BF11CA2CBB /* Linked Frameworks */,
				1058C7AEFEA557BF11CA2CBB /* Other Frameworks */,
			);
			name = "Frameworks and Libraries";
			sourceTree = "<group>";
		};
		089C167CFE841241C02AAC07 /* Resources */ = {
			isa = PBXGroup;
			children = (
				4062461509A3282B0040CB9C /* Menu.nib */,
				406245B609A326440040CB9C /* Info */,
				8D5B49B7048680CD000E48DA /* Info.plist */,
				089C167DFE841241C02AAC07 /* InfoPlist.strings */,
				402F81010B9A5E3E001EF155 /* template.js */,
			);
			name = Resources;
			sourceTree = "<group>";
		};
		08FB77AFFE84173DC02AAC07 /* Classes */ = {
			isa = PBXGroup;
			children = (
				4062458709A325B00040CB9C /* CMController.h */,
				4062458809A325B00040CB9C /* CMController.m */,
				4062458909A325B00040CB9C /* CMUserScript.h */,
				4062458A09A325B00040CB9C /* CMUserScript.m */,
				4062458D09A325B00040CB9C /* WildcardPattern.h */,
				4062458E09A325B00040CB9C /* WildcardPattern.m */,
				406EA0430B9A3932004C2A39 /* XMLHttpRequest.h */,
				406EA0440B9A3932004C2A39 /* XMLHttpRequest.m */,
			);
			name = Classes;
			sourceTree = "<group>";
		};
		1058C7ACFEA557BF11CA2CBB /* Linked Frameworks */ = {
			isa = PBXGroup;
			children = (
				1058C7ADFEA557BF11CA2CBB /* Cocoa.framework */,
			);
			name = "Linked Frameworks";
			sourceTree = "<group>";
		};
		1058C7AEFEA557BF11CA2CBB /* Other Frameworks */ = {
			isa = PBXGroup;
			children = (
				40A3E0A309A58AF40091278C /* SenTestingKit.framework */,
				4062459B09A325F40040CB9C /* WebKit.framework */,
				089C167FFE841241C02AAC07 /* AppKit.framework */,
				D2F7E65807B2D6F200F64583 /* CoreData.framework */,
				089C1672FE841209C02AAC07 /* Foundation.framework */,
			);
			name = "Other Frameworks";
			sourceTree = "<group>";
		};
		19C28FB8FE9D52D311CA2CBB /* Products */ = {
			isa = PBXGroup;
			children = (
				8D5B49B6048680CD000E48DA /* Creammonkey.bundle */,
				40A3E04D09A57CCA0091278C /* Test.cptest */,
			);
			name = Products;
			sourceTree = "<group>";
		};
		32C88E010371C26100C91783 /* Other Sources */ = {
			isa = PBXGroup;
			children = (
				40EB0E080C23A3D500FCFBF8 /* JSUtils.h */,
				40EB0E090C23A3D500FCFBF8 /* JSUtils.m */,
				32DBCF630370AF2F00C91783 /* Creammonkey_Prefix.pch */,
			);
			name = "Other Sources";
			sourceTree = "<group>";
		};
		40A3E05909A57CF60091278C /* Test */ = {
			isa = PBXGroup;
			children = (
				40A3E05309A57CEF0091278C /* CMUserScriptTest.h */,
				40A3E05409A57CEF0091278C /* CMUserScriptTest.m */,
				40A3E05509A57CEF0091278C /* WildcardPatternTest.h */,
				40A3E05609A57CEF0091278C /* WildcardPatternTest.m */,
			);
			name = Test;
			sourceTree = "<group>";
		};
/* End PBXGroup section */

/* Begin PBXNativeTarget section */
		40A3E04C09A57CCA0091278C /* Test */ = {
			isa = PBXNativeTarget;
			buildConfigurationList = 40A3E05009A57CCC0091278C /* Build configuration list for PBXNativeTarget "Test" */;
			buildPhases = (
				40A3E04809A57CCA0091278C /* Resources */,
				40A3E04909A57CCA0091278C /* Sources */,
				40A3E04A09A57CCA0091278C /* Frameworks */,
				40A3E04B09A57CCA0091278C /* ShellScript */,
			);
			buildRules = (
			);
			dependencies = (
			);
			name = Test;
			productName = Test;
			productReference = 40A3E04D09A57CCA0091278C /* Test.cptest */;
			productType = "com.apple.product-type.bundle";
		};
		8D5B49AC048680CD000E48DA /* Creammonkey */ = {
			isa = PBXNativeTarget;
			buildConfigurationList = 1DEB913A08733D840010E9CD /* Build configuration list for PBXNativeTarget "Creammonkey" */;
			buildPhases = (
				8D5B49AF048680CD000E48DA /* Resources */,
				8D5B49B1048680CD000E48DA /* Sources */,
				8D5B49B3048680CD000E48DA /* Frameworks */,
				406245A609A3261A0040CB9C /* CopyFiles */,
			);
			buildRules = (
			);
			dependencies = (
			);
			name = Creammonkey;
			productInstallPath = "$(HOME)/Library/Bundles";
			productName = Creammonkey;
			productReference = 8D5B49B6048680CD000E48DA /* Creammonkey.bundle */;
			productType = "com.apple.product-type.bundle";
		};
/* End PBXNativeTarget section */

/* Begin PBXProject section */
		089C1669FE841209C02AAC07 /* Project object */ = {
			isa = PBXProject;
			buildConfigurationList = 1DEB913E08733D840010E9CD /* Build configuration list for PBXProject "Creammonkey" */;
			hasScannedForEncodings = 1;
			knownRegions = (
				English,
				Japanese,
				French,
				German,
				Spanish,
			);
			mainGroup = 089C166AFE841209C02AAC07 /* Creammonkey */;
			projectDirPath = "";
			targets = (
				8D5B49AC048680CD000E48DA /* Creammonkey */,
				40A3E04C09A57CCA0091278C /* Test */,
			);
		};
/* End PBXProject section */

/* Begin PBXResourcesBuildPhase section */
		40A3E04809A57CCA0091278C /* Resources */ = {
			isa = PBXResourcesBuildPhase;
			buildActionMask = 2147483647;
			files = (
			);
			runOnlyForDeploymentPostprocessing = 0;
		};
		8D5B49AF048680CD000E48DA /* Resources */ = {
			isa = PBXResourcesBuildPhase;
			buildActionMask = 2147483647;
			files = (
				402F816F0B9A68A9001EF155 /* template.js in Resources */,
				8D5B49B0048680CD000E48DA /* InfoPlist.strings in Resources */,
				406245B709A326440040CB9C /* Info in Resources */,
				4062461709A3282B0040CB9C /* Menu.nib in Resources */,
			);
			runOnlyForDeploymentPostprocessing = 0;
		};
/* End PBXResourcesBuildPhase section */

/* Begin PBXShellScriptBuildPhase section */
		40A3E04B09A57CCA0091278C /* ShellScript */ = {
			isa = PBXShellScriptBuildPhase;
			buildActionMask = 2147483647;
			files = (
			);
			inputPaths = (
			);
			outputPaths = (
			);
			runOnlyForDeploymentPostprocessing = 0;
			shellPath = /bin/sh;
			shellScript = "# Run the unit tests in this test bundle.\n\"${SYSTEM_DEVELOPER_DIR}/Tools/RunUnitTests\"\n";
		};
/* End PBXShellScriptBuildPhase section */

/* Begin PBXSourcesBuildPhase section */
		40A3E04909A57CCA0091278C /* Sources */ = {
			isa = PBXSourcesBuildPhase;
			buildActionMask = 2147483647;
			files = (
				40A3E05709A57CEF0091278C /* CMUserScriptTest.m in Sources */,
				40A3E05809A57CEF0091278C /* WildcardPatternTest.m in Sources */,
				40A3E09A09A58AC00091278C /* CMUserScript.m in Sources */,
				40A3E09B09A58AC60091278C /* WildcardPattern.m in Sources */,
			);
			runOnlyForDeploymentPostprocessing = 0;
		};
		8D5B49B1048680CD000E48DA /* Sources */ = {
			isa = PBXSourcesBuildPhase;
			buildActionMask = 2147483647;
			files = (
				4062458F09A325B00040CB9C /* CMController.m in Sources */,
				4062459009A325B10040CB9C /* CMUserScript.m in Sources */,
				4062459209A325B10040CB9C /* WildcardPattern.m in Sources */,
				406EA0460B9A3932004C2A39 /* XMLHttpRequest.m in Sources */,
				40EB0E0B0C23A3D600FCFBF8 /* JSUtils.m in Sources */,
			);
			runOnlyForDeploymentPostprocessing = 0;
		};
/* End PBXSourcesBuildPhase section */

/* Begin PBXVariantGroup section */
		089C167DFE841241C02AAC07 /* InfoPlist.strings */ = {
			isa = PBXVariantGroup;
			children = (
				089C167EFE841241C02AAC07 /* English */,
				404B82FC09C331FE00CBF32A /* German */,
				40F6844809CA6CD2004C4C61 /* Spanish */,
			);
			name = InfoPlist.strings;
			sourceTree = "<group>";
		};
		4062461509A3282B0040CB9C /* Menu.nib */ = {
			isa = PBXVariantGroup;
			children = (
				4062461609A3282B0040CB9C /* English */,
				40A95AF609BDAF27001C0447 /* German */,
				40F6844609CA6CBD004C4C61 /* Spanish */,
			);
			name = Menu.nib;
			sourceTree = "<group>";
		};
/* End PBXVariantGroup section */

/* Begin XCBuildConfiguration section */
		1DEB913B08733D840010E9CD /* Debug */ = {
			isa = XCBuildConfiguration;
			buildSettings = {
				COPY_PHASE_STRIP = NO;
				GCC_DYNAMIC_NO_PIC = NO;
				GCC_ENABLE_FIX_AND_CONTINUE = YES;
				GCC_MODEL_TUNING = G5;
				GCC_OPTIMIZATION_LEVEL = 0;
				GCC_PRECOMPILE_PREFIX_HEADER = YES;
				GCC_PREFIX_HEADER = Creammonkey_Prefix.pch;
				INFOPLIST_FILE = Info.plist;
				INSTALL_PATH = "$(HOME)/Library/Bundles";
				PRODUCT_NAME = Creammonkey;
				WRAPPER_EXTENSION = bundle;
				ZERO_LINK = YES;
			};
			name = Debug;
		};
		1DEB913C08733D840010E9CD /* Release */ = {
			isa = XCBuildConfiguration;
			buildSettings = {
				ARCHS = (
					ppc,
					i386,
				);
				GCC_GENERATE_DEBUGGING_SYMBOLS = NO;
				GCC_MODEL_TUNING = G5;
				GCC_PRECOMPILE_PREFIX_HEADER = YES;
				GCC_PREFIX_HEADER = Creammonkey_Prefix.pch;
				INFOPLIST_FILE = Info.plist;
				INSTALL_PATH = "$(HOME)/Library/Bundles";
				PRODUCT_NAME = Creammonkey;
				WRAPPER_EXTENSION = bundle;
			};
			name = Release;
		};
		1DEB913F08733D840010E9CD /* Debug */ = {
			isa = XCBuildConfiguration;
			buildSettings = {
				GCC_ENABLE_OBJC_EXCEPTIONS = YES;
				GCC_WARN_ABOUT_RETURN_TYPE = YES;
				GCC_WARN_UNUSED_VARIABLE = YES;
				MACOSX_DEPLOYMENT_TARGET = 10.3;
				PREBINDING = NO;
				SDKROOT = /Developer/SDKs/MacOSX10.4u.sdk;
			};
			name = Debug;
		};
		1DEB914008733D840010E9CD /* Release */ = {
			isa = XCBuildConfiguration;
			buildSettings = {
				ARCHS = (
					ppc,
					i386,
				);
				GCC_WARN_ABOUT_RETURN_TYPE = YES;
				GCC_WARN_UNUSED_VARIABLE = YES;
				MACOSX_DEPLOYMENT_TARGET = 10.3;
				PREBINDING = NO;
				SDKROOT = /Developer/SDKs/MacOSX10.4u.sdk;
			};
			name = Release;
		};
		40A3E05109A57CCC0091278C /* Debug */ = {
			isa = XCBuildConfiguration;
			buildSettings = {
				COPY_PHASE_STRIP = NO;
				GCC_DYNAMIC_NO_PIC = NO;
				GCC_ENABLE_FIX_AND_CONTINUE = NO;
				GCC_GENERATE_DEBUGGING_SYMBOLS = YES;
				GCC_MODEL_TUNING = G5;
				GCC_OPTIMIZATION_LEVEL = 0;
				GCC_PRECOMPILE_PREFIX_HEADER = YES;
				GCC_PREFIX_HEADER = "$(SYSTEM_LIBRARY_DIR)/Frameworks/Carbon.framework/Headers/Carbon.h";
				INFOPLIST_FILE = "Test-Info.plist";
				INSTALL_PATH = "$(USER_LIBRARY_DIR)/Bundles";
				OTHER_LDFLAGS = (
					"-framework",
					Carbon,
					"-framework",
					CPlusTest,
				);
				PREBINDING = NO;
				PRODUCT_NAME = Test;
				WRAPPER_EXTENSION = cptest;
				ZERO_LINK = NO;
			};
			name = Debug;
		};
		40A3E05209A57CCC0091278C /* Release */ = {
			isa = XCBuildConfiguration;
			buildSettings = {
				COPY_PHASE_STRIP = YES;
				GCC_ENABLE_FIX_AND_CONTINUE = NO;
				GCC_GENERATE_DEBUGGING_SYMBOLS = NO;
				GCC_MODEL_TUNING = G5;
				GCC_PRECOMPILE_PREFIX_HEADER = YES;
				GCC_PREFIX_HEADER = "$(SYSTEM_LIBRARY_DIR)/Frameworks/Carbon.framework/Headers/Carbon.h";
				INFOPLIST_FILE = "Test-Info.plist";
				INSTALL_PATH = "$(USER_LIBRARY_DIR)/Bundles";
				OTHER_LDFLAGS = (
					"-framework",
					Carbon,
					"-framework",
					CPlusTest,
				);
				PREBINDING = NO;
				PRODUCT_NAME = Test;
				WRAPPER_EXTENSION = cptest;
				ZERO_LINK = NO;
			};
			name = Release;
		};
/* End XCBuildConfiguration section */

/* Begin XCConfigurationList section */
		1DEB913A08733D840010E9CD /* Build configuration list for PBXNativeTarget "Creammonkey" */ = {
			isa = XCConfigurationList;
			buildConfigurations = (
				1DEB913B08733D840010E9CD /* Debug */,
				1DEB913C08733D840010E9CD /* Release */,
			);
			defaultConfigurationIsVisible = 0;
			defaultConfigurationName = Release;
		};
		1DEB913E08733D840010E9CD /* Build configuration list for PBXProject "Creammonkey" */ = {
			isa = XCConfigurationList;
			buildConfigurations = (
				1DEB913F08733D840010E9CD /* Debug */,
				1DEB914008733D840010E9CD /* Release */,
			);
			defaultConfigurationIsVisible = 0;
			defaultConfigurationName = Release;
		};
		40A3E05009A57CCC0091278C /* Build configuration list for PBXNativeTarget "Test" */ = {
			isa = XCConfigurationList;
			buildConfigurations = (
				40A3E05109A57CCC0091278C /* Debug */,
				40A3E05209A57CCC0091278C /* Release */,
			);
			defaultConfigurationIsVisible = 0;
			defaultConfigurationName = Release;
		};
/* End XCConfigurationList section */
	};
	rootObject = 089C1669FE841209C02AAC07 /* Project object */;
}
